
Microsoft Visual Studio Solution File, Format Version 12.00
# Visual Studio Version 16
VisualStudioVersion = 16.0.30413.136
MinimumVisualStudioVersion = 10.0.40219.1
Project("{FAE04EC0-301F-11D3-BF4B-00C04F79EFBC}") = "e-Store", "e-Store\e-Store.csproj", "{0DC7CA5A-449E-4B4F-8AFA-7C337E11171C}"
EndProject
Global
	GlobalSection(SolutionConfigurationPlatforms) = preSolution
		Debug|Any CPU = Debug|Any CPU
		Release|Any CPU = Release|Any CPU
	EndGlobalSection
	GlobalSection(ProjectConfigurationPlatforms) = postSolution
		{0DC7CA5A-449E-4B4F-8AFA-7C337E11171C}.Debug|Any CPU.ActiveCfg = Debug|Any CPU
		{0DC7CA5A-449E-4B4F-8AFA-7C337E11171C}.Debug|Any CPU.Build.0 = Debug|Any CPU
		{0DC7CA5A-449E-4B4F-8AFA-7C337E11171C}.Release|Any CPU.ActiveCfg = Release|Any CPU
		{0DC7CA5A-449E-4B4F-8AFA-7C337E11171C}.Release|Any CPU.Build.0 = Release|Any CPU
	EndGlobalSection
	GlobalSection(SolutionProperties) = preSolution
		HideSolutionNode = FALSE
	EndGlobalSection
	GlobalSection(ExtensibilityGlobals) = postSolution
		SolutionGuid = {13B6B300-10F7-4ECD-94E7-624853FD6B99}
	EndGlobalSection
EndGlobal
